
Microsoft Visual Studio Solution File, Format Version 12.00
# Visual Studio Version 16
VisualStudioVersion = 16.0.32929.386
MinimumVisualStudioVersion = 10.0.40219.1
Project("{FAE04EC0-301F-11D3-BF4B-00C04F79EFBC}") = "Employeee", "Employeee\Employeee.csproj", "{82316017-30CA-4D91-BF5E-1734C0371473}"
EndProject
Global
	GlobalSection(SolutionConfigurationPlatforms) = preSolution
		Debug|Any CPU = Debug|Any CPU
		Release|Any CPU = Release|Any CPU
	EndGlobalSection
	GlobalSection(ProjectConfigurationPlatforms) = postSolution
		{82316017-30CA-4D91-BF5E-1734C0371473}.Debug|Any CPU.ActiveCfg = Debug|Any CPU
		{82316017-30CA-4D91-BF5E-1734C0371473}.Debug|Any CPU.Build.0 = Debug|Any CPU
		{82316017-30CA-4D91-BF5E-1734C0371473}.Release|Any CPU.ActiveCfg = Release|Any CPU
		{82316017-30CA-4D91-BF5E-1734C0371473}.Release|Any CPU.Build.0 = Release|Any CPU
	EndGlobalSection
	GlobalSection(SolutionProperties) = preSolution
		HideSolutionNode = FALSE
	EndGlobalSection
	GlobalSection(ExtensibilityGlobals) = postSolution
		SolutionGuid = {0A3BE6E0-F333-405B-8D3B-81614B30A157}
	EndGlobalSection
EndGlobal
