
Microsoft Visual Studio Solution File, Format Version 12.00
# Visual Studio Version 16
VisualStudioVersion = 16.0.30804.86
MinimumVisualStudioVersion = 10.0.40219.1
Project("{FAE04EC0-301F-11D3-BF4B-00C04F79EFBC}") = "CQRSDesignPatternDemo", "CQRSDesignPatternDemo.csproj", "{178EB1E3-C1C4-4C22-BF7B-FBD9BB23F3FA}"
EndProject
Global
	GlobalSection(SolutionConfigurationPlatforms) = preSolution
		Debug|Any CPU = Debug|Any CPU
		Release|Any CPU = Release|Any CPU
	EndGlobalSection
	GlobalSection(ProjectConfigurationPlatforms) = postSolution
		{178EB1E3-C1C4-4C22-BF7B-FBD9BB23F3FA}.Debug|Any CPU.ActiveCfg = Debug|Any CPU
		{178EB1E3-C1C4-4C22-BF7B-FBD9BB23F3FA}.Debug|Any CPU.Build.0 = Debug|Any CPU
		{178EB1E3-C1C4-4C22-BF7B-FBD9BB23F3FA}.Release|Any CPU.ActiveCfg = Release|Any CPU
		{178EB1E3-C1C4-4C22-BF7B-FBD9BB23F3FA}.Release|Any CPU.Build.0 = Release|Any CPU
	EndGlobalSection
	GlobalSection(SolutionProperties) = preSolution
		HideSolutionNode = FALSE
	EndGlobalSection
	GlobalSection(ExtensibilityGlobals) = postSolution
		SolutionGuid = {20BFA8BB-ED76-4BE2-8463-FE97B9A963B2}
	EndGlobalSection
EndGlobal
